// !$*UTF8*$!
{
	archiveVersion = 1;
	classes = {
	};
	objectVersion = 50;
	objects = {

/* Begin PBXBuildFile section */
		8225EFEB22ECA89B007F01E7 /* AppDelegate.swift in Sources */ = {isa = PBXBuildFile; fileRef = 8225EFEA22ECA89B007F01E7 /* AppDelegate.swift */; };
		8225EFED22ECA89B007F01E7 /* CenterViewController.swift in Sources */ = {isa = PBXBuildFile; fileRef = 8225EFEC22ECA89B007F01E7 /* CenterViewController.swift */; };
		8225EFF022ECA89B007F01E7 /* Main.storyboard in Resources */ = {isa = PBXBuildFile; fileRef = 8225EFEE22ECA89B007F01E7 /* Main.storyboard */; };
		8225EFF222ECA89B007F01E7 /* Assets.xcassets in Resources */ = {isa = PBXBuildFile; fileRef = 8225EFF122ECA89B007F01E7 /* Assets.xcassets */; };
		8225EFF522ECA89B007F01E7 /* LaunchScreen.storyboard in Resources */ = {isa = PBXBuildFile; fileRef = 8225EFF322ECA89B007F01E7 /* LaunchScreen.storyboard */; };
		8225F00B22ECA89B007F01E7 /* TicTacUITests.swift in Sources */ = {isa = PBXBuildFile; fileRef = 8225F00A22ECA89B007F01E7 /* TicTacUITests.swift */; };
		8225F01A22ECAB1B007F01E7 /* Cell.swift in Sources */ = {isa = PBXBuildFile; fileRef = 8225F01922ECAB1B007F01E7 /* Cell.swift */; };
		8225F01E22ECAC9A007F01E7 /* GameBoard.swift in Sources */ = {isa = PBXBuildFile; fileRef = 8225F01D22ECAC9A007F01E7 /* GameBoard.swift */; };
		8225F02122ECAEAD007F01E7 /* TicTacCollectionViewCell.swift in Sources */ = {isa = PBXBuildFile; fileRef = 8225F02022ECAEAD007F01E7 /* TicTacCollectionViewCell.swift */; };
		8233FD34241EAC930029D956 /* SettingSwitchTableViewCell.swift in Sources */ = {isa = PBXBuildFile; fileRef = 8233FD33241EAC930029D956 /* SettingSwitchTableViewCell.swift */; };
		826EE54E22F17D8200B48E7D /* Game.swift in Sources */ = {isa = PBXBuildFile; fileRef = 826EE54D22F17D8200B48E7D /* Game.swift */; };
		828226EF2427CB8900FD1744 /* AVFoundation.framework in Frameworks */ = {isa = PBXBuildFile; fileRef = 828226EE2427CB8900FD1744 /* AVFoundation.framework */; };
		828226F324281C2C00FD1744 /* GameEffectsController.swift in Sources */ = {isa = PBXBuildFile; fileRef = 828226F224281C2C00FD1744 /* GameEffectsController.swift */; };
		8282675023DFAD81005C48D4 /* CollectionViewController.swift in Sources */ = {isa = PBXBuildFile; fileRef = 8282674F23DFAD81005C48D4 /* CollectionViewController.swift */; };
		828A2F0A22EE4BD000184CF5 /* TicTacTestsGame.swift in Sources */ = {isa = PBXBuildFile; fileRef = 828A2F0722EE4BD000184CF5 /* TicTacTestsGame.swift */; };
		828A2F0B22EE4BD000184CF5 /* TicTcTestGame.swift in Sources */ = {isa = PBXBuildFile; fileRef = 828A2F0822EE4BD000184CF5 /* TicTcTestGame.swift */; };
		82942BC422EE211100E5EE97 /* Contants.swift in Sources */ = {isa = PBXBuildFile; fileRef = 82942BC322EE211100E5EE97 /* Contants.swift */; };
		82942BC822EE312100E5EE97 /* GameResultController.swift in Sources */ = {isa = PBXBuildFile; fileRef = 82942BC722EE312100E5EE97 /* GameResultController.swift */; };
		82AC77AD22F1B2A20020C20A /* appIcon.png in Resources */ = {isa = PBXBuildFile; fileRef = 82AC77AC22F1B2A20020C20A /* appIcon.png */; };
		82AF4970244F9F65001A16FE /* soundChock.mp3 in Resources */ = {isa = PBXBuildFile; fileRef = 82AF496F244F9F65001A16FE /* soundChock.mp3 */; };
		82AF4972244F9F7D001A16FE /* sound1.mp3 in Resources */ = {isa = PBXBuildFile; fileRef = 82AF4971244F9F7D001A16FE /* sound1.mp3 */; };
		82AF60DA23DE0F6200869D92 /* LeftMenuViewController.swift in Sources */ = {isa = PBXBuildFile; fileRef = 82AF60D923DE0F6200869D92 /* LeftMenuViewController.swift */; };
		82B6E36E23E40DF900D684FB /* ContainerViewController.swift in Sources */ = {isa = PBXBuildFile; fileRef = 82B6E36D23E40DF900D684FB /* ContainerViewController.swift */; };
/* End PBXBuildFile section */

/* Begin PBXContainerItemProxy section */
		8225EFFC22ECA89B007F01E7 /* PBXContainerItemProxy */ = {
			isa = PBXContainerItemProxy;
			containerPortal = 8225EFDF22ECA89A007F01E7 /* Project object */;
			proxyType = 1;
			remoteGlobalIDString = 8225EFE622ECA89A007F01E7;
			remoteInfo = TicTak;
		};
		8225F00722ECA89B007F01E7 /* PBXContainerItemProxy */ = {
			isa = PBXContainerItemProxy;
			containerPortal = 8225EFDF22ECA89A007F01E7 /* Project object */;
			proxyType = 1;
			remoteGlobalIDString = 8225EFE622ECA89A007F01E7;
			remoteInfo = TicTak;
		};
/* End PBXContainerItemProxy section */

/* Begin PBXFileReference section */
		8225EFE722ECA89A007F01E7 /* Tic-Tac-Toe.app */ = {isa = PBXFileReference; explicitFileType = wrapper.application; includeInIndex = 0; path = "Tic-Tac-Toe.app"; sourceTree = BUILT_PRODUCTS_DIR; };
		8225EFEA22ECA89B007F01E7 /* AppDelegate.swift */ = {isa = PBXFileReference; lastKnownFileType = sourcecode.swift; path = AppDelegate.swift; sourceTree = "<group>"; };
		8225EFEC22ECA89B007F01E7 /* CenterViewController.swift */ = {isa = PBXFileReference; lastKnownFileType = sourcecode.swift; path = CenterViewController.swift; sourceTree = "<group>"; };
		8225EFEF22ECA89B007F01E7 /* Base */ = {isa = PBXFileReference; lastKnownFileType = file.storyboard; name = Base; path = Base.lproj/Main.storyboard; sourceTree = "<group>"; };
		8225EFF122ECA89B007F01E7 /* Assets.xcassets */ = {isa = PBXFileReference; lastKnownFileType = folder.assetcatalog; path = Assets.xcassets; sourceTree = "<group>"; };
		8225EFF422ECA89B007F01E7 /* Base */ = {isa = PBXFileReference; lastKnownFileType = file.storyboard; name = Base; path = Base.lproj/LaunchScreen.storyboard; sourceTree = "<group>"; };
		8225EFF622ECA89B007F01E7 /* Info.plist */ = {isa = PBXFileReference; lastKnownFileType = text.plist.xml; path = Info.plist; sourceTree = "<group>"; };
		8225EFFB22ECA89B007F01E7 /* TicTakTests.xctest */ = {isa = PBXFileReference; explicitFileType = wrapper.cfbundle; includeInIndex = 0; path = TicTakTests.xctest; sourceTree = BUILT_PRODUCTS_DIR; };
		8225F00622ECA89B007F01E7 /* TicTakUITests.xctest */ = {isa = PBXFileReference; explicitFileType = wrapper.cfbundle; includeInIndex = 0; path = TicTakUITests.xctest; sourceTree = BUILT_PRODUCTS_DIR; };
		8225F00A22ECA89B007F01E7 /* TicTacUITests.swift */ = {isa = PBXFileReference; lastKnownFileType = sourcecode.swift; path = TicTacUITests.swift; sourceTree = "<group>"; };
		8225F00C22ECA89B007F01E7 /* Info.plist */ = {isa = PBXFileReference; lastKnownFileType = text.plist.xml; path = Info.plist; sourceTree = "<group>"; };
		8225F01922ECAB1B007F01E7 /* Cell.swift */ = {isa = PBXFileReference; lastKnownFileType = sourcecode.swift; path = Cell.swift; sourceTree = "<group>"; };
		8225F01D22ECAC9A007F01E7 /* GameBoard.swift */ = {isa = PBXFileReference; lastKnownFileType = sourcecode.swift; path = GameBoard.swift; sourceTree = "<group>"; };
		8225F02022ECAEAD007F01E7 /* TicTacCollectionViewCell.swift */ = {isa = PBXFileReference; lastKnownFileType = sourcecode.swift; path = TicTacCollectionViewCell.swift; sourceTree = "<group>"; };
		8233FD33241EAC930029D956 /* SettingSwitchTableViewCell.swift */ = {isa = PBXFileReference; lastKnownFileType = sourcecode.swift; path = SettingSwitchTableViewCell.swift; sourceTree = "<group>"; };
		826EE54D22F17D8200B48E7D /* Game.swift */ = {isa = PBXFileReference; fileEncoding = 4; lastKnownFileType = sourcecode.swift; path = Game.swift; sourceTree = "<group>"; };
		828226EE2427CB8900FD1744 /* AVFoundation.framework */ = {isa = PBXFileReference; lastKnownFileType = wrapper.framework; name = AVFoundation.framework; path = System/Library/Frameworks/AVFoundation.framework; sourceTree = SDKROOT; };
		828226F224281C2C00FD1744 /* GameEffectsController.swift */ = {isa = PBXFileReference; lastKnownFileType = sourcecode.swift; path = GameEffectsController.swift; sourceTree = "<group>"; };
		8282674F23DFAD81005C48D4 /* CollectionViewController.swift */ = {isa = PBXFileReference; lastKnownFileType = sourcecode.swift; path = CollectionViewController.swift; sourceTree = "<group>"; };
		828A2F0722EE4BD000184CF5 /* TicTacTestsGame.swift */ = {isa = PBXFileReference; fileEncoding = 4; lastKnownFileType = sourcecode.swift; path = TicTacTestsGame.swift; sourceTree = "<group>"; };
		828A2F0822EE4BD000184CF5 /* TicTcTestGame.swift */ = {isa = PBXFileReference; fileEncoding = 4; lastKnownFileType = sourcecode.swift; path = TicTcTestGame.swift; sourceTree = "<group>"; };
		828A2F0922EE4BD000184CF5 /* Info.plist */ = {isa = PBXFileReference; fileEncoding = 4; lastKnownFileType = text.plist.xml; path = Info.plist; sourceTree = "<group>"; };
		82942BC322EE211100E5EE97 /* Contants.swift */ = {isa = PBXFileReference; lastKnownFileType = sourcecode.swift; path = Contants.swift; sourceTree = "<group>"; };
		82942BC722EE312100E5EE97 /* GameResultController.swift */ = {isa = PBXFileReference; lastKnownFileType = sourcecode.swift; path = GameResultController.swift; sourceTree = "<group>"; };
		82AC77AC22F1B2A20020C20A /* appIcon.png */ = {isa = PBXFileReference; lastKnownFileType = image.png; path = appIcon.png; sourceTree = "<group>"; };
		82AF496F244F9F65001A16FE /* soundChock.mp3 */ = {isa = PBXFileReference; lastKnownFileType = audio.mp3; name = soundChock.mp3; path = ../../../../../../../Downloads/soundChock.mp3; sourceTree = "<group>"; };
		82AF4971244F9F7D001A16FE /* sound1.mp3 */ = {isa = PBXFileReference; lastKnownFileType = audio.mp3; name = sound1.mp3; path = ../../../../../../../Downloads/sound1.mp3; sourceTree = "<group>"; };
		82AF60D923DE0F6200869D92 /* LeftMenuViewController.swift */ = {isa = PBXFileReference; lastKnownFileType = sourcecode.swift; path = LeftMenuViewController.swift; sourceTree = "<group>"; };
		82B6E36D23E40DF900D684FB /* ContainerViewController.swift */ = {isa = PBXFileReference; lastKnownFileType = sourcecode.swift; path = ContainerViewController.swift; sourceTree = "<group>"; };
/* End PBXFileReference section */

/* Begin PBXFrameworksBuildPhase section */
		8225EFE422ECA89A007F01E7 /* Frameworks */ = {
			isa = PBXFrameworksBuildPhase;
			buildActionMask = 2147483647;
			files = (
				828226EF2427CB8900FD1744 /* AVFoundation.framework in Frameworks */,
			);
			runOnlyForDeploymentPostprocessing = 0;
		};
		8225EFF822ECA89B007F01E7 /* Frameworks */ = {
			isa = PBXFrameworksBuildPhase;
			buildActionMask = 2147483647;
			files = (
			);
			runOnlyForDeploymentPostprocessing = 0;
		};
		8225F00322ECA89B007F01E7 /* Frameworks */ = {
			isa = PBXFrameworksBuildPhase;
			buildActionMask = 2147483647;
			files = (
			);
			runOnlyForDeploymentPostprocessing = 0;
		};
/* End PBXFrameworksBuildPhase section */

/* Begin PBXGroup section */
		8225EFDE22ECA89A007F01E7 = {
			isa = PBXGroup;
			children = (
				8225EFE922ECA89A007F01E7 /* TicTak */,
				8225EFFE22ECA89B007F01E7 /* TicTakTests */,
				8225F00922ECA89B007F01E7 /* TicTakUITests */,
				8225EFE822ECA89A007F01E7 /* Products */,
				828226ED2427CB8900FD1744 /* Frameworks */,
			);
			sourceTree = "<group>";
		};
		8225EFE822ECA89A007F01E7 /* Products */ = {
			isa = PBXGroup;
			children = (
				8225EFE722ECA89A007F01E7 /* Tic-Tac-Toe.app */,
				8225EFFB22ECA89B007F01E7 /* TicTakTests.xctest */,
				8225F00622ECA89B007F01E7 /* TicTakUITests.xctest */,
			);
			name = Products;
			sourceTree = "<group>";
		};
		8225EFE922ECA89A007F01E7 /* TicTak */ = {
			isa = PBXGroup;
			children = (
				828226E92427C3FC00FD1744 /* Resources */,
				82942BC222EE20F800E5EE97 /* Utils */,
				8225F02422ECCCA2007F01E7 /* Controllers */,
				8225F01F22ECAE6D007F01E7 /* Cells */,
				8225F01822ECAAE3007F01E7 /* Model */,
				8225EFEA22ECA89B007F01E7 /* AppDelegate.swift */,
				8225EFEC22ECA89B007F01E7 /* CenterViewController.swift */,
				8225EFEE22ECA89B007F01E7 /* Main.storyboard */,
				8225EFF122ECA89B007F01E7 /* Assets.xcassets */,
				8225EFF322ECA89B007F01E7 /* LaunchScreen.storyboard */,
				8225EFF622ECA89B007F01E7 /* Info.plist */,
				82AC77AC22F1B2A20020C20A /* appIcon.png */,
			);
			path = TicTak;
			sourceTree = "<group>";
		};
		8225EFFE22ECA89B007F01E7 /* TicTakTests */ = {
			isa = PBXGroup;
			children = (
				828A2F0722EE4BD000184CF5 /* TicTacTestsGame.swift */,
				828A2F0822EE4BD000184CF5 /* TicTcTestGame.swift */,
				828A2F0922EE4BD000184CF5 /* Info.plist */,
			);
			path = TicTakTests;
			sourceTree = "<group>";
		};
		8225F00922ECA89B007F01E7 /* TicTakUITests */ = {
			isa = PBXGroup;
			children = (
				8225F00A22ECA89B007F01E7 /* TicTacUITests.swift */,
				8225F00C22ECA89B007F01E7 /* Info.plist */,
			);
			path = TicTakUITests;
			sourceTree = "<group>";
		};
		8225F01822ECAAE3007F01E7 /* Model */ = {
			isa = PBXGroup;
			children = (
				826EE54D22F17D8200B48E7D /* Game.swift */,
				8225F01922ECAB1B007F01E7 /* Cell.swift */,
				8225F01D22ECAC9A007F01E7 /* GameBoard.swift */,
			);
			path = Model;
			sourceTree = "<group>";
		};
		8225F01F22ECAE6D007F01E7 /* Cells */ = {
			isa = PBXGroup;
			children = (
				8225F02022ECAEAD007F01E7 /* TicTacCollectionViewCell.swift */,
				8233FD33241EAC930029D956 /* SettingSwitchTableViewCell.swift */,
			);
			path = Cells;
			sourceTree = "<group>";
		};
		8225F02422ECCCA2007F01E7 /* Controllers */ = {
			isa = PBXGroup;
			children = (
				82942BC722EE312100E5EE97 /* GameResultController.swift */,
				82AF60D923DE0F6200869D92 /* LeftMenuViewController.swift */,
				8282674F23DFAD81005C48D4 /* CollectionViewController.swift */,
				82B6E36D23E40DF900D684FB /* ContainerViewController.swift */,
				828226F224281C2C00FD1744 /* GameEffectsController.swift */,
			);
			path = Controllers;
			sourceTree = "<group>";
		};
		828226E92427C3FC00FD1744 /* Resources */ = {
			isa = PBXGroup;
			children = (
				82AF4971244F9F7D001A16FE /* sound1.mp3 */,
				82AF496F244F9F65001A16FE /* soundChock.mp3 */,
			);
			path = Resources;
			sourceTree = "<group>";
		};
		828226ED2427CB8900FD1744 /* Frameworks */ = {
			isa = PBXGroup;
			children = (
				828226EE2427CB8900FD1744 /* AVFoundation.framework */,
			);
			name = Frameworks;
			sourceTree = "<group>";
		};
		82942BC222EE20F800E5EE97 /* Utils */ = {
			isa = PBXGroup;
			children = (
				82942BC322EE211100E5EE97 /* Contants.swift */,
			);
			path = Utils;
			sourceTree = "<group>";
		};
/* End PBXGroup section */

/* Begin PBXNativeTarget section */
		8225EFE622ECA89A007F01E7 /* TicTak */ = {
			isa = PBXNativeTarget;
			buildConfigurationList = 8225F00F22ECA89B007F01E7 /* Build configuration list for PBXNativeTarget "TicTak" */;
			buildPhases = (
				8225EFE322ECA89A007F01E7 /* Sources */,
				8225EFE422ECA89A007F01E7 /* Frameworks */,
				8225EFE522ECA89A007F01E7 /* Resources */,
			);
			buildRules = (
			);
			dependencies = (
			);
			name = TicTak;
			productName = TicTak;
			productReference = 8225EFE722ECA89A007F01E7 /* Tic-Tac-Toe.app */;
			productType = "com.apple.product-type.application";
		};
		8225EFFA22ECA89B007F01E7 /* TicTakTests */ = {
			isa = PBXNativeTarget;
			buildConfigurationList = 8225F01222ECA89B007F01E7 /* Build configuration list for PBXNativeTarget "TicTakTests" */;
			buildPhases = (
				8225EFF722ECA89B007F01E7 /* Sources */,
				8225EFF822ECA89B007F01E7 /* Frameworks */,
				8225EFF922ECA89B007F01E7 /* Resources */,
			);
			buildRules = (
			);
			dependencies = (
				8225EFFD22ECA89B007F01E7 /* PBXTargetDependency */,
			);
			name = TicTakTests;
			productName = TicTakTests;
			productReference = 8225EFFB22ECA89B007F01E7 /* TicTakTests.xctest */;
			productType = "com.apple.product-type.bundle.unit-test";
		};
		8225F00522ECA89B007F01E7 /* TicTakUITests */ = {
			isa = PBXNativeTarget;
			buildConfigurationList = 8225F01522ECA89B007F01E7 /* Build configuration list for PBXNativeTarget "TicTakUITests" */;
			buildPhases = (
				8225F00222ECA89B007F01E7 /* Sources */,
				8225F00322ECA89B007F01E7 /* Frameworks */,
				8225F00422ECA89B007F01E7 /* Resources */,
			);
			buildRules = (
			);
			dependencies = (
				8225F00822ECA89B007F01E7 /* PBXTargetDependency */,
			);
			name = TicTakUITests;
			productName = TicTakUITests;
			productReference = 8225F00622ECA89B007F01E7 /* TicTakUITests.xctest */;
			productType = "com.apple.product-type.bundle.ui-testing";
		};
/* End PBXNativeTarget section */

/* Begin PBXProject section */
		8225EFDF22ECA89A007F01E7 /* Project object */ = {
			isa = PBXProject;
			attributes = {
				LastSwiftUpdateCheck = 1020;
				LastUpgradeCheck = 1020;
				ORGANIZATIONNAME = SantaAlicia;
				TargetAttributes = {
					8225EFE622ECA89A007F01E7 = {
						CreatedOnToolsVersion = 10.2.1;
					};
					8225EFFA22ECA89B007F01E7 = {
						CreatedOnToolsVersion = 10.2.1;
						TestTargetID = 8225EFE622ECA89A007F01E7;
					};
					8225F00522ECA89B007F01E7 = {
						CreatedOnToolsVersion = 10.2.1;
						TestTargetID = 8225EFE622ECA89A007F01E7;
					};
				};
			};
			buildConfigurationList = 8225EFE222ECA89A007F01E7 /* Build configuration list for PBXProject "TicTak" */;
			compatibilityVersion = "Xcode 9.3";
			developmentRegion = en;
			hasScannedForEncodings = 0;
			knownRegions = (
				en,
				Base,
			);
			mainGroup = 8225EFDE22ECA89A007F01E7;
			productRefGroup = 8225EFE822ECA89A007F01E7 /* Products */;
			projectDirPath = "";
			projectRoot = "";
			targets = (
				8225EFE622ECA89A007F01E7 /* TicTak */,
				8225EFFA22ECA89B007F01E7 /* TicTakTests */,
				8225F00522ECA89B007F01E7 /* TicTakUITests */,
			);
		};
/* End PBXProject section */

/* Begin PBXResourcesBuildPhase section */
		8225EFE522ECA89A007F01E7 /* Resources */ = {
			isa = PBXResourcesBuildPhase;
			buildActionMask = 2147483647;
			files = (
				82AF4972244F9F7D001A16FE /* sound1.mp3 in Resources */,
				82AC77AD22F1B2A20020C20A /* appIcon.png in Resources */,
				82AF4970244F9F65001A16FE /* soundChock.mp3 in Resources */,
				8225EFF522ECA89B007F01E7 /* LaunchScreen.storyboard in Resources */,
				8225EFF222ECA89B007F01E7 /* Assets.xcassets in Resources */,
				8225EFF022ECA89B007F01E7 /* Main.storyboard in Resources */,
			);
			runOnlyForDeploymentPostprocessing = 0;
		};
		8225EFF922ECA89B007F01E7 /* Resources */ = {
			isa = PBXResourcesBuildPhase;
			buildActionMask = 2147483647;
			files = (
			);
			runOnlyForDeploymentPostprocessing = 0;
		};
		8225F00422ECA89B007F01E7 /* Resources */ = {
			isa = PBXResourcesBuildPhase;
			buildActionMask = 2147483647;
			files = (
			);
			runOnlyForDeploymentPostprocessing = 0;
		};
/* End PBXResourcesBuildPhase section */

/* Begin PBXSourcesBuildPhase section */
		8225EFE322ECA89A007F01E7 /* Sources */ = {
			isa = PBXSourcesBuildPhase;
			buildActionMask = 2147483647;
			files = (
				8233FD34241EAC930029D956 /* SettingSwitchTableViewCell.swift in Sources */,
				8225EFED22ECA89B007F01E7 /* CenterViewController.swift in Sources */,
				826EE54E22F17D8200B48E7D /* Game.swift in Sources */,
				8225F01E22ECAC9A007F01E7 /* GameBoard.swift in Sources */,
				828226F324281C2C00FD1744 /* GameEffectsController.swift in Sources */,
				82B6E36E23E40DF900D684FB /* ContainerViewController.swift in Sources */,
				8225EFEB22ECA89B007F01E7 /* AppDelegate.swift in Sources */,
				8282675023DFAD81005C48D4 /* CollectionViewController.swift in Sources */,
				82942BC422EE211100E5EE97 /* Contants.swift in Sources */,
				82AF60DA23DE0F6200869D92 /* LeftMenuViewController.swift in Sources */,
				8225F01A22ECAB1B007F01E7 /* Cell.swift in Sources */,
				8225F02122ECAEAD007F01E7 /* TicTacCollectionViewCell.swift in Sources */,
				82942BC822EE312100E5EE97 /* GameResultController.swift in Sources */,
			);
			runOnlyForDeploymentPostprocessing = 0;
		};
		8225EFF722ECA89B007F01E7 /* Sources */ = {
			isa = PBXSourcesBuildPhase;
			buildActionMask = 2147483647;
			files = (
				828A2F0A22EE4BD000184CF5 /* TicTacTestsGame.swift in Sources */,
				828A2F0B22EE4BD000184CF5 /* TicTcTestGame.swift in Sources */,
			);
			runOnlyForDeploymentPostprocessing = 0;
		};
		8225F00222ECA89B007F01E7 /* Sources */ = {
			isa = PBXSourcesBuildPhase;
			buildActionMask = 2147483647;
			files = (
				8225F00B22ECA89B007F01E7 /* TicTacUITests.swift in Sources */,
			);
			runOnlyForDeploymentPostprocessing = 0;
		};
/* End PBXSourcesBuildPhase section */

/* Begin PBXTargetDependency section */
		8225EFFD22ECA89B007F01E7 /* PBXTargetDependency */ = {
			isa = PBXTargetDependency;
			target = 8225EFE622ECA89A007F01E7 /* TicTak */;
			targetProxy = 8225EFFC22ECA89B007F01E7 /* PBXContainerItemProxy */;
		};
		8225F00822ECA89B007F01E7 /* PBXTargetDependency */ = {
			isa = PBXTargetDependency;
			target = 8225EFE622ECA89A007F01E7 /* TicTak */;
			targetProxy = 8225F00722ECA89B007F01E7 /* PBXContainerItemProxy */;
		};
/* End PBXTargetDependency section */

/* Begin PBXVariantGroup section */
		8225EFEE22ECA89B007F01E7 /* Main.storyboard */ = {
			isa = PBXVariantGroup;
			children = (
				8225EFEF22ECA89B007F01E7 /* Base */,
			);
			name = Main.storyboard;
			sourceTree = "<group>";
		};
		8225EFF322ECA89B007F01E7 /* LaunchScreen.storyboard */ = {
			isa = PBXVariantGroup;
			children = (
				8225EFF422ECA89B007F01E7 /* Base */,
			);
			name = LaunchScreen.storyboard;
			sourceTree = "<group>";
		};
/* End PBXVariantGroup section */

/* Begin XCBuildConfiguration section */
		8225F00D22ECA89B007F01E7 /* Debug */ = {
			isa = XCBuildConfiguration;
			buildSettings = {
				ALWAYS_SEARCH_USER_PATHS = NO;
				CLANG_ANALYZER_NONNULL = YES;
				CLANG_ANALYZER_NUMBER_OBJECT_CONVERSION = YES_AGGRESSIVE;
				CLANG_CXX_LANGUAGE_STANDARD = "gnu++14";
				CLANG_CXX_LIBRARY = "libc++";
				CLANG_ENABLE_MODULES = YES;
				CLANG_ENABLE_OBJC_ARC = YES;
				CLANG_ENABLE_OBJC_WEAK = YES;
				CLANG_WARN_BLOCK_CAPTURE_AUTORELEASING = YES;
				CLANG_WARN_BOOL_CONVERSION = YES;
				CLANG_WARN_COMMA = YES;
				CLANG_WARN_CONSTANT_CONVERSION = YES;
				CLANG_WARN_DEPRECATED_OBJC_IMPLEMENTATIONS = YES;
				CLANG_WARN_DIRECT_OBJC_ISA_USAGE = YES_ERROR;
				CLANG_WARN_DOCUMENTATION_COMMENTS = YES;
				CLANG_WARN_EMPTY_BODY = YES;
				CLANG_WARN_ENUM_CONVERSION = YES;
				CLANG_WARN_INFINITE_RECURSION = YES;
				CLANG_WARN_INT_CONVERSION = YES;
				CLANG_WARN_NON_LITERAL_NULL_CONVERSION = YES;
				CLANG_WARN_OBJC_IMPLICIT_RETAIN_SELF = YES;
				CLANG_WARN_OBJC_LITERAL_CONVERSION = YES;
				CLANG_WARN_OBJC_ROOT_CLASS = YES_ERROR;
				CLANG_WARN_RANGE_LOOP_ANALYSIS = YES;
				CLANG_WARN_STRICT_PROTOTYPES = YES;
				CLANG_WARN_SUSPICIOUS_MOVE = YES;
				CLANG_WARN_UNGUARDED_AVAILABILITY = YES_AGGRESSIVE;
				CLANG_WARN_UNREACHABLE_CODE = YES;
				CLANG_WARN__DUPLICATE_METHOD_MATCH = YES;
				CODE_SIGN_IDENTITY = "iPhone Developer";
				COPY_PHASE_STRIP = NO;
				DEBUG_INFORMATION_FORMAT = dwarf;
				ENABLE_STRICT_OBJC_MSGSEND = YES;
				ENABLE_TESTABILITY = YES;
				GCC_C_LANGUAGE_STANDARD = gnu11;
				GCC_DYNAMIC_NO_PIC = NO;
				GCC_NO_COMMON_BLOCKS = YES;
				GCC_OPTIMIZATION_LEVEL = 0;
				GCC_PREPROCESSOR_DEFINITIONS = (
					"DEBUG=1",
					"$(inherited)",
				);
				GCC_WARN_64_TO_32_BIT_CONVERSION = YES;
				GCC_WARN_ABOUT_RETURN_TYPE = YES_ERROR;
				GCC_WARN_UNDECLARED_SELECTOR = YES;
				GCC_WARN_UNINITIALIZED_AUTOS = YES_AGGRESSIVE;
				GCC_WARN_UNUSED_FUNCTION = YES;
				GCC_WARN_UNUSED_VARIABLE = YES;
				IPHONEOS_DEPLOYMENT_TARGET = 13.0;
				MTL_ENABLE_DEBUG_INFO = INCLUDE_SOURCE;
				MTL_FAST_MATH = YES;
				ONLY_ACTIVE_ARCH = YES;
				SDKROOT = iphoneos;
				SWIFT_ACTIVE_COMPILATION_CONDITIONS = DEBUG;
				SWIFT_OPTIMIZATION_LEVEL = "-Onone";
			};
			name = Debug;
		};
		8225F00E22ECA89B007F01E7 /* Release */ = {
			isa = XCBuildConfiguration;
			buildSettings = {
				ALWAYS_SEARCH_USER_PATHS = NO;
				CLANG_ANALYZER_NONNULL = YES;
				CLANG_ANALYZER_NUMBER_OBJECT_CONVERSION = YES_AGGRESSIVE;
				CLANG_CXX_LANGUAGE_STANDARD = "gnu++14";
				CLANG_CXX_LIBRARY = "libc++";
				CLANG_ENABLE_MODULES = YES;
				CLANG_ENABLE_OBJC_ARC = YES;
				CLANG_ENABLE_OBJC_WEAK = YES;
				CLANG_WARN_BLOCK_CAPTURE_AUTORELEASING = YES;
				CLANG_WARN_BOOL_CONVERSION = YES;
				CLANG_WARN_COMMA = YES;
				CLANG_WARN_CONSTANT_CONVERSION = YES;
				CLANG_WARN_DEPRECATED_OBJC_IMPLEMENTATIONS = YES;
				CLANG_WARN_DIRECT_OBJC_ISA_USAGE = YES_ERROR;
				CLANG_WARN_DOCUMENTATION_COMMENTS = YES;
				CLANG_WARN_EMPTY_BODY = YES;
				CLANG_WARN_ENUM_CONVERSION = YES;
				CLANG_WARN_INFINITE_RECURSION = YES;
				CLANG_WARN_INT_CONVERSION = YES;
				CLANG_WARN_NON_LITERAL_NULL_CONVERSION = YES;
				CLANG_WARN_OBJC_IMPLICIT_RETAIN_SELF = YES;
				CLANG_WARN_OBJC_LITERAL_CONVERSION = YES;
				CLANG_WARN_OBJC_ROOT_CLASS = YES_ERROR;
				CLANG_WARN_RANGE_LOOP_ANALYSIS = YES;
				CLANG_WARN_STRICT_PROTOTYPES = YES;
				CLANG_WARN_SUSPICIOUS_MOVE = YES;
				CLANG_WARN_UNGUARDED_AVAILABILITY = YES_AGGRESSIVE;
				CLANG_WARN_UNREACHABLE_CODE = YES;
				CLANG_WARN__DUPLICATE_METHOD_MATCH = YES;
				CODE_SIGN_IDENTITY = "iPhone Developer";
				COPY_PHASE_STRIP = NO;
				DEBUG_INFORMATION_FORMAT = "dwarf-with-dsym";
				ENABLE_NS_ASSERTIONS = NO;
				ENABLE_STRICT_OBJC_MSGSEND = YES;
				GCC_C_LANGUAGE_STANDARD = gnu11;
				GCC_NO_COMMON_BLOCKS = YES;
				GCC_WARN_64_TO_32_BIT_CONVERSION = YES;
				GCC_WARN_ABOUT_RETURN_TYPE = YES_ERROR;
				GCC_WARN_UNDECLARED_SELECTOR = YES;
				GCC_WARN_UNINITIALIZED_AUTOS = YES_AGGRESSIVE;
				GCC_WARN_UNUSED_FUNCTION = YES;
				GCC_WARN_UNUSED_VARIABLE = YES;
				IPHONEOS_DEPLOYMENT_TARGET = 13.0;
				MTL_ENABLE_DEBUG_INFO = NO;
				MTL_FAST_MATH = YES;
				SDKROOT = iphoneos;
				SWIFT_COMPILATION_MODE = wholemodule;
				SWIFT_OPTIMIZATION_LEVEL = "-O";
				VALIDATE_PRODUCT = YES;
			};
			name = Release;
		};
		8225F01022ECA89B007F01E7 /* Debug */ = {
			isa = XCBuildConfiguration;
			buildSettings = {
				ASSETCATALOG_COMPILER_APPICON_NAME = AppIcon;
				CODE_SIGN_IDENTITY = "Apple Development";
				CODE_SIGN_STYLE = Automatic;
				DEVELOPMENT_TEAM = 84VQUVTVEC;
				INFOPLIST_FILE = TicTak/Info.plist;
				IPHONEOS_DEPLOYMENT_TARGET = 13.0;
				LD_RUNPATH_SEARCH_PATHS = (
					"$(inherited)",
					"@executable_path/Frameworks",
				);
				PRODUCT_BUNDLE_IDENTIFIER = SantaAlicia.TicTak;
				PRODUCT_NAME = "Tic-Tac-Toe";
				PROVISIONING_PROFILE_SPECIFIER = "";
				SWIFT_VERSION = 5.0;
				TARGETED_DEVICE_FAMILY = "1,2";
			};
			name = Debug;
		};
		8225F01122ECA89B007F01E7 /* Release */ = {
			isa = XCBuildConfiguration;
			buildSettings = {
				ASSETCATALOG_COMPILER_APPICON_NAME = AppIcon;
				CODE_SIGN_IDENTITY = "Apple Development";
				CODE_SIGN_STYLE = Automatic;
				DEVELOPMENT_TEAM = 84VQUVTVEC;
				INFOPLIST_FILE = TicTak/Info.plist;
				IPHONEOS_DEPLOYMENT_TARGET = 13.0;
				LD_RUNPATH_SEARCH_PATHS = (
					"$(inherited)",
					"@executable_path/Frameworks",
				);
				PRODUCT_BUNDLE_IDENTIFIER = SantaAlicia.TicTak;
				PRODUCT_NAME = "Tic-Tac-Toe";
				PROVISIONING_PROFILE_SPECIFIER = "";
				SWIFT_VERSION = 5.0;
				TARGETED_DEVICE_FAMILY = "1,2";
			};
			name = Release;
		};
		8225F01322ECA89B007F01E7 /* Debug */ = {
			isa = XCBuildConfiguration;
			buildSettings = {
				ALWAYS_EMBED_SWIFT_STANDARD_LIBRARIES = YES;
				BUNDLE_LOADER = "$(TEST_HOST)";
				CODE_SIGN_STYLE = Automatic;
				DEVELOPMENT_TEAM = "";
				INFOPLIST_FILE = TicTakTests/Info.plist;
				LD_RUNPATH_SEARCH_PATHS = (
					"$(inherited)",
					"@executable_path/Frameworks",
					"@loader_path/Frameworks",
				);
				PRODUCT_BUNDLE_IDENTIFIER = SantaAlicia.TicTakTests;
				PRODUCT_NAME = "$(TARGET_NAME)";
				SWIFT_VERSION = 5.0;
				TARGETED_DEVICE_FAMILY = "1,2";
				TEST_HOST = "$(BUILT_PRODUCTS_DIR)/TicTak.app/TicTak";
			};
			name = Debug;
		};
		8225F01422ECA89B007F01E7 /* Release */ = {
			isa = XCBuildConfiguration;
			buildSettings = {
				ALWAYS_EMBED_SWIFT_STANDARD_LIBRARIES = YES;
				BUNDLE_LOADER = "$(TEST_HOST)";
				CODE_SIGN_STYLE = Automatic;
				DEVELOPMENT_TEAM = "";
				INFOPLIST_FILE = TicTakTests/Info.plist;
				LD_RUNPATH_SEARCH_PATHS = (
					"$(inherited)",
					"@executable_path/Frameworks",
					"@loader_path/Frameworks",
				);
				PRODUCT_BUNDLE_IDENTIFIER = SantaAlicia.TicTakTests;
				PRODUCT_NAME = "$(TARGET_NAME)";
				SWIFT_VERSION = 5.0;
				TARGETED_DEVICE_FAMILY = "1,2";
				TEST_HOST = "$(BUILT_PRODUCTS_DIR)/TicTak.app/TicTak";
			};
			name = Release;
		};
		8225F01622ECA89B007F01E7 /* Debug */ = {
			isa = XCBuildConfiguration;
			buildSettings = {
				ALWAYS_EMBED_SWIFT_STANDARD_LIBRARIES = YES;
				CODE_SIGN_STYLE = Automatic;
				DEVELOPMENT_TEAM = 84VQUVTVEC;
				INFOPLIST_FILE = TicTakUITests/Info.plist;
				LD_RUNPATH_SEARCH_PATHS = (
					"$(inherited)",
					"@executable_path/Frameworks",
					"@loader_path/Frameworks",
				);
				PRODUCT_BUNDLE_IDENTIFIER = SantaAlicia.TicTakUITests;
				PRODUCT_NAME = "$(TARGET_NAME)";
				SWIFT_VERSION = 5.0;
				TARGETED_DEVICE_FAMILY = "1,2";
				TEST_TARGET_NAME = TicTak;
			};
			name = Debug;
		};
		8225F01722ECA89B007F01E7 /* Release */ = {
			isa = XCBuildConfiguration;
			buildSettings = {
				ALWAYS_EMBED_SWIFT_STANDARD_LIBRARIES = YES;
				CODE_SIGN_STYLE = Automatic;
				DEVELOPMENT_TEAM = 84VQUVTVEC;
				INFOPLIST_FILE = TicTakUITests/Info.plist;
				LD_RUNPATH_SEARCH_PATHS = (
					"$(inherited)",
					"@executable_path/Frameworks",
					"@loader_path/Frameworks",
				);
				PRODUCT_BUNDLE_IDENTIFIER = SantaAlicia.TicTakUITests;
				PRODUCT_NAME = "$(TARGET_NAME)";
				SWIFT_VERSION = 5.0;
				TARGETED_DEVICE_FAMILY = "1,2";
				TEST_TARGET_NAME = TicTak;
			};
			name = Release;
		};
/* End XCBuildConfiguration section */

/* Begin XCConfigurationList section */
		8225EFE222ECA89A007F01E7 /* Build configuration list for PBXProject "TicTak" */ = {
			isa = XCConfigurationList;
			buildConfigurations = (
				8225F00D22ECA89B007F01E7 /* Debug */,
				8225F00E22ECA89B007F01E7 /* Release */,
			);
			defaultConfigurationIsVisible = 0;
			defaultConfigurationName = Release;
		};
		8225F00F22ECA89B007F01E7 /* Build configuration list for PBXNativeTarget "TicTak" */ = {
			isa = XCConfigurationList;
			buildConfigurations = (
				8225F01022ECA89B007F01E7 /* Debug */,
				8225F01122ECA89B007F01E7 /* Release */,
			);
			defaultConfigurationIsVisible = 0;
			defaultConfigurationName = Release;
		};
		8225F01222ECA89B007F01E7 /* Build configuration list for PBXNativeTarget "TicTakTests" */ = {
			isa = XCConfigurationList;
			buildConfigurations = (
				8225F01322ECA89B007F01E7 /* Debug */,
				8225F01422ECA89B007F01E7 /* Release */,
			);
			defaultConfigurationIsVisible = 0;
			defaultConfigurationName = Release;
		};
		8225F01522ECA89B007F01E7 /* Build configuration list for PBXNativeTarget "TicTakUITests" */ = {
			isa = XCConfigurationList;
			buildConfigurations = (
				8225F01622ECA89B007F01E7 /* Debug */,
				8225F01722ECA89B007F01E7 /* Release */,
			);
			defaultConfigurationIsVisible = 0;
			defaultConfigurationName = Release;
		};
/* End XCConfigurationList section */
	};
	rootObject = 8225EFDF22ECA89A007F01E7 /* Project object */;
}
